PODS:
  - ComponentMiddleware (0.0.2)
  - ComponentModuleACategory (0.0.4):
    - ComponentMiddleware (< 1.0.0)

DEPENDENCIES:
  - ComponentModuleACategory (from `../`)

SPEC REPOS:
  https://github.com/jiaojiaozhe/XAbstractionLibrary-Specs:
    - ComponentMiddleware

EXTERNAL SOURCES:
  ComponentModuleACategory:
    :path: "../"

SPEC CHECKSUMS:
  ComponentMiddleware: 69d1b25293355a4784aa42d9ab9e736bdda69151
  ComponentModuleACategory: ba8a14b2556556e933ca45b8a07e9f72495dbdba

PODFILE CHECKSUM: 2a8a1992b93daf1a452975c5e0887f1f8c0ec58f

COCOAPODS: 1.9.1
